<?xml version="1.0" encoding="utf-8"?>
<Project ToolsVersion="4.0" xmlns="http://schemas.microsoft.com/developer/msbuild/2003">
  <ItemGroup>
    <Filter Include="Source Files">
      <UniqueIdentifier>{4FC737F1-C7A5-4376-A066-2A32D752A2FF}</UniqueIdentifier>
      <Extensions>cpp;c;cc;cxx;c++;cppm;ixx;def;odl;idl;hpj;bat;asm;asmx</Extensions>
    </Filter>
    <Filter Include="Header Files">
      <UniqueIdentifier>{93995380-89BD-4b04-88EB-625FBE52EBFB}</UniqueIdentifier>
      <Extensions>h;hh;hpp;hxx;h++;hm;inl;inc;ipp;xsd</Extensions>
    </Filter>
    <Filter Include="Resource Files">
      <UniqueIdentifier>{67DA6AB6-F800-4c08-8B7A-83BB121AAD01}</UniqueIdentifier>
      <Extensions>rc;ico;cur;bmp;dlg;rc2;rct;bin;rgs;gif;jpg;jpeg;jpe;resx;tiff;tif;png;wav;mfcribbon-ms</Extensions>
    </Filter>
    <Filter Include="Header Files\Rendering">
      <UniqueIdentifier>{ed30dedd-ddf2-4f18-acfa-a0684a00b6ba}</UniqueIdentifier>
    </Filter>
    <Filter Include="Source Files\Rendering">
      <UniqueIdentifier>{6a7166a0-2a6f-45e1-99a7-ed98b13d0ba0}</UniqueIdentifier>
    </Filter>
    <Filter Include="Header Files\Framework">
      <UniqueIdentifier>{875d2893-40b4-4fd3-bbb0-070e54515d17}</UniqueIdentifier>
    </Filter>
    <Filter Include="Source Files\Framework">
      <UniqueIdentifier>{f02bc04a-2951-4c45-9f86-7e2a5e417d0d}</UniqueIdentifier>
    </Filter>
    <Filter Include="Header Files\ECS">
      <UniqueIdentifier>{edad7637-1d7a-407d-b444-e38422fe56bd}</UniqueIdentifier>
    </Filter>
    <Filter Include="Source Files\ECS">
      <UniqueIdentifier>{2d324d55-fb1d-4a0e-8b25-3e51aeff9288}</UniqueIdentifier>
    </Filter>
    <Filter Include="Header Files\ECS\Components">
      <UniqueIdentifier>{d532d705-d7ad-45f9-8751-32c16968faf0}</UniqueIdentifier>
    </Filter>
    <Filter Include="Header Files\ECS\Systems">
      <UniqueIdentifier>{9bd078d4-e18e-4146-b40a-5eb29c252972}</UniqueIdentifier>
    </Filter>
    <Filter Include="Source Files\ECS\Systems">
      <UniqueIdentifier>{382087b0-011f-420a-a754-7c926a383e9c}</UniqueIdentifier>
    </Filter>
    <Filter Include="Header Files\Exceptions">
      <UniqueIdentifier>{43e72828-0141-4f1f-ac1d-0e0ed09ed810}</UniqueIdentifier>
    </Filter>
    <Filter Include="Resource Files\Shaders">
      <UniqueIdentifier>{c396ca77-31ec-4e52-96a5-70daf74a8cc9}</UniqueIdentifier>
    </Filter>
    <Filter Include="Source Files\Exceptions">
      <UniqueIdentifier>{6acf9580-6212-405d-9d12-3f99dae7dc6d}</UniqueIdentifier>
    </Filter>
    <Filter Include="Header Files\Rendering\Buffers">
      <UniqueIdentifier>{2aec52a9-0a2b-48ca-98d6-cf13f20bdcc9}</UniqueIdentifier>
    </Filter>
    <Filter Include="Header Files\Rendering\Dx">
      <UniqueIdentifier>{a85ee2b3-a83f-4eed-af9c-fbe2f18f00e6}</UniqueIdentifier>
    </Filter>
    <Filter Include="Header Files\Rendering\Vertices">
      <UniqueIdentifier>{60be5f00-46a3-4393-8267-08ab619a8794}</UniqueIdentifier>
    </Filter>
    <Filter Include="Source Files\ECS\Components">
      <UniqueIdentifier>{53c10df9-de84-449f-9ea5-8331c4702378}</UniqueIdentifier>
    </Filter>
    <Filter Include="Header Files\ECS\Commands">
      <UniqueIdentifier>{fa8473e0-8dc2-4430-9f3d-2f476a695df7}</UniqueIdentifier>
    </Filter>
    <Filter Include="Source Files\ECS\Commands">
      <UniqueIdentifier>{05f4e904-0295-4cc5-9c29-7fb448dd28f2}</UniqueIdentifier>
    </Filter>
    <Filter Include="Header Files\ResourceManagment">
      <UniqueIdentifier>{5d7464c7-e199-4969-be77-fd879f7f034a}</UniqueIdentifier>
    </Filter>
    <Filter Include="Header Files\Input">
      <UniqueIdentifier>{a2d7b013-a61f-4095-bccf-43f8ea9be56e}</UniqueIdentifier>
    </Filter>
    <Filter Include="Source Files\Input">
      <UniqueIdentifier>{1d8fa33d-acbf-4628-90ff-1c92897edacb}</UniqueIdentifier>
    </Filter>
    <Filter Include="Source Files\ECS\ResourceManagment">
      <UniqueIdentifier>{c7046b2c-0746-4d72-908a-955777f4d320}</UniqueIdentifier>
    </Filter>
  </ItemGroup>
  <ItemGroup>
    <ClInclude Include="Engine.h">
      <Filter>Header Files</Filter>
    </ClInclude>
    <ClInclude Include="IGraphicsDevice.h">
      <Filter>Header Files\Rendering</Filter>
    </ClInclude>
    <ClInclude Include="framework.h">
      <Filter>Header Files\Framework</Filter>
    </ClInclude>
    <ClInclude Include="pch.h">
      <Filter>Header Files\Framework</Filter>
    </ClInclude>
    <ClInclude Include="Entity.h">
      <Filter>Header Files\ECS</Filter>
    </ClInclude>
    <ClInclude Include="ComponentStorage.h">
      <Filter>Header Files\ECS</Filter>
    </ClInclude>
    <ClInclude Include="EntityRegistry.h">
      <Filter>Header Files\ECS</Filter>
    </ClInclude>
    <ClInclude Include="MeshComponent.h">
      <Filter>Header Files\ECS\Components</Filter>
    </ClInclude>
    <ClInclude Include="SceneNodeComponent.h">
      <Filter>Header Files\ECS\Components</Filter>
    </ClInclude>
    <ClInclude Include="TransformComponent.h">
      <Filter>Header Files\ECS\Components</Filter>
    </ClInclude>
    <ClInclude Include="MeshRenderer.h">
      <Filter>Header Files\ECS\Systems</Filter>
    </ClInclude>
    <ClInclude Include="SceneGraph.h">
      <Filter>Header Files\ECS\Systems</Filter>
    </ClInclude>
    <ClInclude Include="IShaderBinary.h">
      <Filter>Header Files\Rendering</Filter>
    </ClInclude>
    <ClInclude Include="HrCheck.h">
      <Filter>Header Files\Exceptions</Filter>
    </ClInclude>
    <ClInclude Include="PipelineStage.h">
      <Filter>Header Files\Rendering</Filter>
    </ClInclude>
    <ClInclude Include="ConstantBuffer.h">
      <Filter>Header Files\Rendering\Buffers</Filter>
    </ClInclude>
    <ClInclude Include="BufferHandle.h">
      <Filter>Header Files\Rendering\Buffers</Filter>
    </ClInclude>
    <ClInclude Include="IndexBuffer.h">
      <Filter>Header Files\Rendering\Buffers</Filter>
    </ClInclude>
    <ClInclude Include="IVertexBuffer.h">
      <Filter>Header Files\Rendering\Buffers</Filter>
    </ClInclude>
    <ClInclude Include="VertexBuffer.h">
      <Filter>Header Files\Rendering\Buffers</Filter>
    </ClInclude>
    <ClInclude Include="IBuffer.h">
      <Filter>Header Files\Rendering\Buffers</Filter>
    </ClInclude>
    <ClInclude Include="IConstantBuffer.h">
      <Filter>Header Files\Rendering\Buffers</Filter>
    </ClInclude>
    <ClInclude Include="Dx11GraphicsDevice.h">
      <Filter>Header Files\Rendering\Dx</Filter>
    </ClInclude>
    <ClInclude Include="DxDescriptorsConverter.h">
      <Filter>Header Files\Rendering\Dx</Filter>
    </ClInclude>
    <ClInclude Include="HlslShader.h">
      <Filter>Header Files\Rendering\Dx</Filter>
    </ClInclude>
    <ClInclude Include="Vertex.h">
      <Filter>Header Files\Rendering\Vertices</Filter>
    </ClInclude>
    <ClInclude Include="VertexMemberDescriptor.h">
      <Filter>Header Files\Rendering\Vertices</Filter>
    </ClInclude>
    <ClInclude Include="ColoredVertex.h">
      <Filter>Header Files\Rendering\Vertices</Filter>
    </ClInclude>
    <ClInclude Include="DxVertexBuffer.h">
      <Filter>Header Files\Rendering\Dx</Filter>
    </ClInclude>
    <ClInclude Include="ViewManager.h">
      <Filter>Header Files\ECS\Systems</Filter>
    </ClInclude>
    <ClInclude Include="FixedStepTracker.h">
      <Filter>Header Files\ECS\Systems</Filter>
    </ClInclude>
    <ClInclude Include="MovementComponent.h">
      <Filter>Header Files\ECS\Components</Filter>
    </ClInclude>
    <ClInclude Include="MovementSystem.h">
      <Filter>Header Files\ECS\Systems</Filter>
    </ClInclude>
    <ClInclude Include="DeviceFactory.h">
      <Filter>Header Files\Rendering</Filter>
    </ClInclude>
    <ClInclude Include="CommandQueueComponent.h">
      <Filter>Header Files\ECS\Components</Filter>
    </ClInclude>
    <ClInclude Include="CommandDispatcher.h">
      <Filter>Header Files\ECS\Systems</Filter>
    </ClInclude>
    <ClInclude Include="ICommand.h">
      <Filter>Header Files\ECS\Commands</Filter>
    </ClInclude>
    <ClInclude Include="MoveCommand.h">
      <Filter>Header Files\ECS\Commands</Filter>
    </ClInclude>
    <ClInclude Include="MaterialComponent.h">
      <Filter>Header Files\ECS\Components</Filter>
    </ClInclude>
    <ClInclude Include="CameraComponent.h">
      <Filter>Header Files\ECS\Components</Filter>
    </ClInclude>
    <ClInclude Include="LaunchingParams.h">
      <Filter>Header Files\Rendering</Filter>
    </ClInclude>
    <ClInclude Include="SceneLoader.h">
      <Filter>Header Files\ResourceManagment</Filter>
    </ClInclude>
    <ClInclude Include="IShaderCache.h">
      <Filter>Header Files\Rendering</Filter>
    </ClInclude>
    <ClInclude Include="AttitudeMovementCommand.h">
      <Filter>Header Files\ECS\Commands</Filter>
    </ClInclude>
    <ClInclude Include="RgbaTextureContainer.h">
      <Filter>Header Files\Rendering</Filter>
    </ClInclude>
    <ClInclude Include="TexturedVertex.h">
      <Filter>Header Files\Rendering\Vertices</Filter>
    </ClInclude>
    <ClInclude Include="DxShaderCache.h">
      <Filter>Header Files\Rendering\Dx</Filter>
    </ClInclude>
    <ClInclude Include="ControllerMovementInputHandler.h">
      <Filter>Header Files\Input</Filter>
    </ClInclude>
    <ClInclude Include="MovementInputHandler.h">
      <Filter>Header Files\Input</Filter>
    </ClInclude>
    <ClInclude Include="IInputHandler.h">
      <Filter>Header Files\Input</Filter>
    </ClInclude>
    <ClInclude Include="IFixedStep.h">
      <Filter>Header Files\ECS</Filter>
    </ClInclude>
    <ClInclude Include="CompositeVertex.h">
      <Filter>Header Files\Rendering\Vertices</Filter>
    </ClInclude>
    <ClInclude Include="MaterialDescriptor.h">
      <Filter>Header Files\Rendering</Filter>
    </ClInclude>
    <ClInclude Include="DirectlionalLightComponent.h">
      <Filter>Header Files\ECS\Components</Filter>
    </ClInclude>
    <ClInclude Include="Lighting.h">
      <Filter>Header Files\ECS\Systems</Filter>
    </ClInclude>
    <ClInclude Include="AmbientLightComponent.h">
      <Filter>Header Files\ECS\Components</Filter>
    </ClInclude>
    <ClInclude Include="PointLightComponent.h">
      <Filter>Header Files\ECS\Components</Filter>
    </ClInclude>
    <ClInclude Include="StructuredBuffer.h">
      <Filter>Header Files\Rendering\Buffers</Filter>
    </ClInclude>
  </ItemGroup>
  <ItemGroup>
    <ClCompile Include="Engine.cpp">
      <Filter>Source Files</Filter>
    </ClCompile>
    <ClCompile Include="Dx11GraphicsDevice.cpp">
      <Filter>Source Files\Rendering</Filter>
    </ClCompile>
    <ClCompile Include="dllmain.cpp">
      <Filter>Source Files\Framework</Filter>
    </ClCompile>
    <ClCompile Include="pch.cpp">
      <Filter>Source Files\Framework</Filter>
    </ClCompile>
    <ClCompile Include="MeshRenderer.cpp">
      <Filter>Source Files\ECS\Systems</Filter>
    </ClCompile>
    <ClCompile Include="SceneGraph.cpp">
      <Filter>Source Files\ECS\Systems</Filter>
    </ClCompile>
    <ClCompile Include="HlslShader.cpp">
      <Filter>Source Files\Rendering</Filter>
    </ClCompile>
    <ClCompile Include="HrCheck.cpp">
      <Filter>Source Files\Exceptions</Filter>
    </ClCompile>
    <ClCompile Include="ViewManager.cpp">
      <Filter>Source Files\ECS\Systems</Filter>
    </ClCompile>
    <ClCompile Include="FixedStepTracker.cpp">
      <Filter>Source Files\ECS\Systems</Filter>
    </ClCompile>
    <ClCompile Include="MovementSystem.cpp">
      <Filter>Source Files\ECS\Systems</Filter>
    </ClCompile>
    <ClCompile Include="CommandDispatcher.cpp">
      <Filter>Source Files\ECS\Systems</Filter>
    </ClCompile>
    <ClCompile Include="CommandQueueComponent.cpp">
      <Filter>Source Files\ECS\Components</Filter>
    </ClCompile>
    <ClCompile Include="MoveCommand.cpp">
      <Filter>Source Files\ECS\Commands</Filter>
    </ClCompile>
    <ClCompile Include="DxShaderCache.cpp">
      <Filter>Source Files\Rendering</Filter>
    </ClCompile>
    <ClCompile Include="MovementInputHandler.cpp">
      <Filter>Source Files\Input</Filter>
    </ClCompile>
    <ClCompile Include="ControllerMovementInputHandler.cpp">
      <Filter>Source Files\Input</Filter>
    </ClCompile>
    <ClCompile Include="AttitudeMovementCommand.cpp">
      <Filter>Source Files\ECS\Commands</Filter>
    </ClCompile>
    <ClCompile Include="SceneLoader.cpp">
      <Filter>Source Files\ECS\ResourceManagment</Filter>
    </ClCompile>
    <ClCompile Include="Lighting.cpp">
      <Filter>Source Files\ECS\Systems</Filter>
    </ClCompile>
  </ItemGroup>
  <ItemGroup>
    <None Include="vcpkg.json" />
    <None Include="structs.hlsli">
      <Filter>Resource Files\Shaders</Filter>
    </None>
  </ItemGroup>
  <ItemGroup>
    <FxCompile Include="vs_composite.hlsl">
      <Filter>Resource Files\Shaders</Filter>
    </FxCompile>
    <FxCompile Include="ps_composite.hlsl">
      <Filter>Resource Files\Shaders</Filter>
    </FxCompile>
  </ItemGroup>
</Project>